
Microsoft Visual Studio Solution File, Format Version 12.00
# Visual Studio Version 17
VisualStudioVersion = 17.14.36301.6 d17.14
MinimumVisualStudioVersion = 10.0.40219.1
Project("{FAE04EC0-301F-11D3-BF4B-00C04F79EFBC}") = "Smart Shop", "Smart Shop\Smart Shop.csproj", "{B5995158-92E1-41B0-A62F-EA8BDE4B5577}"
EndProject
Global
	GlobalSection(SolutionConfigurationPlatforms) = preSolution
		Debug|Any CPU = Debug|Any CPU
		Release|Any CPU = Release|Any CPU
	EndGlobalSection
	GlobalSection(ProjectConfigurationPlatforms) = postSolution
		{B5995158-92E1-41B0-A62F-EA8BDE4B5577}.Debug|Any CPU.ActiveCfg = Debug|Any CPU
		{B5995158-92E1-41B0-A62F-EA8BDE4B5577}.Debug|Any CPU.Build.0 = Debug|Any CPU
		{B5995158-92E1-41B0-A62F-EA8BDE4B5577}.Release|Any CPU.ActiveCfg = Release|Any CPU
		{B5995158-92E1-41B0-A62F-EA8BDE4B5577}.Release|Any CPU.Build.0 = Release|Any CPU
	EndGlobalSection
	GlobalSection(SolutionProperties) = preSolution
		HideSolutionNode = FALSE
	EndGlobalSection
	GlobalSection(ExtensibilityGlobals) = postSolution
		SolutionGuid = {593F2F37-B3C1-4FF2-B32B-C43820F59F1F}
	EndGlobalSection
EndGlobal
